
Microsoft Visual Studio Solution File, Format Version 12.00
# Visual Studio Version 17
VisualStudioVersion = 17.0.31903.59
MinimumVisualStudioVersion = 10.0.40219.1
Project("{FAE04EC0-301F-11D3-BF4B-00C04F79EFBC}") = "API", "API\API.csproj", "{EAA21DC0-3ECE-470C-8137-9C36C950B091}"
EndProject
Project("{FAE04EC0-301F-11D3-BF4B-00C04F79EFBC}") = "Core", "Core\Core.csproj", "{01C257E3-9D61-4E61-B52D-B5EFD3C686DD}"
EndProject
Project("{FAE04EC0-301F-11D3-BF4B-00C04F79EFBC}") = "Infrastructure", "Infrastructure\Infrastructure.csproj", "{F2849A16-0341-499A-9041-8E7E20765D3A}"
EndProject
Global
	GlobalSection(SolutionConfigurationPlatforms) = preSolution
		Debug|Any CPU = Debug|Any CPU
		Debug|x64 = Debug|x64
		Debug|x86 = Debug|x86
		Release|Any CPU = Release|Any CPU
		Release|x64 = Release|x64
		Release|x86 = Release|x86
	EndGlobalSection
	GlobalSection(ProjectConfigurationPlatforms) = postSolution
		{EAA21DC0-3ECE-470C-8137-9C36C950B091}.Debug|Any CPU.ActiveCfg = Debug|Any CPU
		{EAA21DC0-3ECE-470C-8137-9C36C950B091}.Debug|Any CPU.Build.0 = Debug|Any CPU
		{EAA21DC0-3ECE-470C-8137-9C36C950B091}.Debug|x64.ActiveCfg = Debug|Any CPU
		{EAA21DC0-3ECE-470C-8137-9C36C950B091}.Debug|x64.Build.0 = Debug|Any CPU
		{EAA21DC0-3ECE-470C-8137-9C36C950B091}.Debug|x86.ActiveCfg = Debug|Any CPU
		{EAA21DC0-3ECE-470C-8137-9C36C950B091}.Debug|x86.Build.0 = Debug|Any CPU
		{EAA21DC0-3ECE-470C-8137-9C36C950B091}.Release|Any CPU.ActiveCfg = Release|Any CPU
		{EAA21DC0-3ECE-470C-8137-9C36C950B091}.Release|Any CPU.Build.0 = Release|Any CPU
		{EAA21DC0-3ECE-470C-8137-9C36C950B091}.Release|x64.ActiveCfg = Release|Any CPU
		{EAA21DC0-3ECE-470C-8137-9C36C950B091}.Release|x64.Build.0 = Release|Any CPU
		{EAA21DC0-3ECE-470C-8137-9C36C950B091}.Release|x86.ActiveCfg = Release|Any CPU
		{EAA21DC0-3ECE-470C-8137-9C36C950B091}.Release|x86.Build.0 = Release|Any CPU
		{01C257E3-9D61-4E61-B52D-B5EFD3C686DD}.Debug|Any CPU.ActiveCfg = Debug|Any CPU
		{01C257E3-9D61-4E61-B52D-B5EFD3C686DD}.Debug|Any CPU.Build.0 = Debug|Any CPU
		{01C257E3-9D61-4E61-B52D-B5EFD3C686DD}.Debug|x64.ActiveCfg = Debug|Any CPU
		{01C257E3-9D61-4E61-B52D-B5EFD3C686DD}.Debug|x64.Build.0 = Debug|Any CPU
		{01C257E3-9D61-4E61-B52D-B5EFD3C686DD}.Debug|x86.ActiveCfg = Debug|Any CPU
		{01C257E3-9D61-4E61-B52D-B5EFD3C686DD}.Debug|x86.Build.0 = Debug|Any CPU
		{01C257E3-9D61-4E61-B52D-B5EFD3C686DD}.Release|Any CPU.ActiveCfg = Release|Any CPU
		{01C257E3-9D61-4E61-B52D-B5EFD3C686DD}.Release|Any CPU.Build.0 = Release|Any CPU
		{01C257E3-9D61-4E61-B52D-B5EFD3C686DD}.Release|x64.ActiveCfg = Release|Any CPU
		{01C257E3-9D61-4E61-B52D-B5EFD3C686DD}.Release|x64.Build.0 = Release|Any CPU
		{01C257E3-9D61-4E61-B52D-B5EFD3C686DD}.Release|x86.ActiveCfg = Release|Any CPU
		{01C257E3-9D61-4E61-B52D-B5EFD3C686DD}.Release|x86.Build.0 = Release|Any CPU
		{F2849A16-0341-499A-9041-8E7E20765D3A}.Debug|Any CPU.ActiveCfg = Debug|Any CPU
		{F2849A16-0341-499A-9041-8E7E20765D3A}.Debug|Any CPU.Build.0 = Debug|Any CPU
		{F2849A16-0341-499A-9041-8E7E20765D3A}.Debug|x64.ActiveCfg = Debug|Any CPU
		{F2849A16-0341-499A-9041-8E7E20765D3A}.Debug|x64.Build.0 = Debug|Any CPU
		{F2849A16-0341-499A-9041-8E7E20765D3A}.Debug|x86.ActiveCfg = Debug|Any CPU
		{F2849A16-0341-499A-9041-8E7E20765D3A}.Debug|x86.Build.0 = Debug|Any CPU
		{F2849A16-0341-499A-9041-8E7E20765D3A}.Release|Any CPU.ActiveCfg = Release|Any CPU
		{F2849A16-0341-499A-9041-8E7E20765D3A}.Release|Any CPU.Build.0 = Release|Any CPU
		{F2849A16-0341-499A-9041-8E7E20765D3A}.Release|x64.ActiveCfg = Release|Any CPU
		{F2849A16-0341-499A-9041-8E7E20765D3A}.Release|x64.Build.0 = Release|Any CPU
		{F2849A16-0341-499A-9041-8E7E20765D3A}.Release|x86.ActiveCfg = Release|Any CPU
		{F2849A16-0341-499A-9041-8E7E20765D3A}.Release|x86.Build.0 = Release|Any CPU
	EndGlobalSection
	GlobalSection(SolutionProperties) = preSolution
		HideSolutionNode = FALSE
	EndGlobalSection
EndGlobal
